// !$*UTF8*$!
{
	archiveVersion = 1;
	classes = {
	};
	objectVersion = 48;
	objects = {

/* Begin PBXBuildFile section */
		C414F88C208ABCFE0047B4EE /* AppDelegate.swift in Sources */ = {isa = PBXBuildFile; fileRef = C414F88B208ABCFE0047B4EE /* AppDelegate.swift */; };
		C414F88E208ABCFE0047B4EE /* ToDoListViewController.swift in Sources */ = {isa = PBXBuildFile; fileRef = C414F88D208ABCFE0047B4EE /* ToDoListViewController.swift */; };
		C414F891208ABCFE0047B4EE /* Main.storyboard in Resources */ = {isa = PBXBuildFile; fileRef = C414F88F208ABCFE0047B4EE /* Main.storyboard */; };
		C414F893208ABCFE0047B4EE /* Assets.xcassets in Resources */ = {isa = PBXBuildFile; fileRef = C414F892208ABCFE0047B4EE /* Assets.xcassets */; };
		C414F896208ABCFE0047B4EE /* LaunchScreen.storyboard in Resources */ = {isa = PBXBuildFile; fileRef = C414F894208ABCFE0047B4EE /* LaunchScreen.storyboard */; };
		C4E1BDD8209218330087EB4F /* item.swift in Sources */ = {isa = PBXBuildFile; fileRef = C4E1BDD7209218330087EB4F /* item.swift */; };
/* End PBXBuildFile section */

/* Begin PBXFileReference section */
		C414F888208ABCFE0047B4EE /* Todoey.app */ = {isa = PBXFileReference; explicitFileType = wrapper.application; includeInIndex = 0; path = Todoey.app; sourceTree = BUILT_PRODUCTS_DIR; };
		C414F88B208ABCFE0047B4EE /* AppDelegate.swift */ = {isa = PBXFileReference; lastKnownFileType = sourcecode.swift; path = AppDelegate.swift; sourceTree = "<group>"; };
		C414F88D208ABCFE0047B4EE /* ToDoListViewController.swift */ = {isa = PBXFileReference; lastKnownFileType = sourcecode.swift; path = ToDoListViewController.swift; sourceTree = "<group>"; };
		C414F890208ABCFE0047B4EE /* Base */ = {isa = PBXFileReference; lastKnownFileType = file.storyboard; name = Base; path = Base.lproj/Main.storyboard; sourceTree = "<group>"; };
		C414F892208ABCFE0047B4EE /* Assets.xcassets */ = {isa = PBXFileReference; lastKnownFileType = folder.assetcatalog; path = Assets.xcassets; sourceTree = "<group>"; };
		C414F895208ABCFE0047B4EE /* Base */ = {isa = PBXFileReference; lastKnownFileType = file.storyboard; name = Base; path = Base.lproj/LaunchScreen.storyboard; sourceTree = "<group>"; };
		C414F897208ABCFE0047B4EE /* Info.plist */ = {isa = PBXFileReference; lastKnownFileType = text.plist.xml; path = Info.plist; sourceTree = "<group>"; };
		C4E1BDD7209218330087EB4F /* item.swift */ = {isa = PBXFileReference; lastKnownFileType = sourcecode.swift; path = item.swift; sourceTree = "<group>"; };
/* End PBXFileReference section */

/* Begin PBXFrameworksBuildPhase section */
		C414F885208ABCFE0047B4EE /* Frameworks */ = {
			isa = PBXFrameworksBuildPhase;
			buildActionMask = 2147483647;
			files = (
			);
			runOnlyForDeploymentPostprocessing = 0;
		};
/* End PBXFrameworksBuildPhase section */

/* Begin PBXGroup section */
		C414F87F208ABCFE0047B4EE = {
			isa = PBXGroup;
			children = (
				C414F88A208ABCFE0047B4EE /* Todoey */,
				C414F889208ABCFE0047B4EE /* Products */,
			);
			sourceTree = "<group>";
		};
		C414F889208ABCFE0047B4EE /* Products */ = {
			isa = PBXGroup;
			children = (
				C414F888208ABCFE0047B4EE /* Todoey.app */,
			);
			name = Products;
			sourceTree = "<group>";
		};
		C414F88A208ABCFE0047B4EE /* Todoey */ = {
			isa = PBXGroup;
			children = (
				C414F88B208ABCFE0047B4EE /* AppDelegate.swift */,
				C4E1BDDA209218660087EB4F /* Controllers */,
				C4E1BDD92092184F0087EB4F /* Data Model */,
				C4E1BDDB209218C00087EB4F /* Views */,
				C4E1BDDC209218D30087EB4F /* Supporting Files */,
				C414F897208ABCFE0047B4EE /* Info.plist */,
			);
			path = Todoey;
			sourceTree = "<group>";
		};
		C4E1BDD92092184F0087EB4F /* Data Model */ = {
			isa = PBXGroup;
			children = (
				C4E1BDD7209218330087EB4F /* item.swift */,
			);
			path = "Data Model";
			sourceTree = "<group>";
		};
		C4E1BDDA209218660087EB4F /* Controllers */ = {
			isa = PBXGroup;
			children = (
				C414F88D208ABCFE0047B4EE /* ToDoListViewController.swift */,
			);
			path = Controllers;
			sourceTree = "<group>";
		};
		C4E1BDDB209218C00087EB4F /* Views */ = {
			isa = PBXGroup;
			children = (
				C414F88F208ABCFE0047B4EE /* Main.storyboard */,
			);
			path = Views;
			sourceTree = "<group>";
		};
		C4E1BDDC209218D30087EB4F /* Supporting Files */ = {
			isa = PBXGroup;
			children = (
				C414F892208ABCFE0047B4EE /* Assets.xcassets */,
				C414F894208ABCFE0047B4EE /* LaunchScreen.storyboard */,
			);
			path = "Supporting Files";
			sourceTree = "<group>";
		};
/* End PBXGroup section */

/* Begin PBXNativeTarget section */
		C414F887208ABCFE0047B4EE /* Todoey */ = {
			isa = PBXNativeTarget;
			buildConfigurationList = C414F89A208ABCFE0047B4EE /* Build configuration list for PBXNativeTarget "Todoey" */;
			buildPhases = (
				C414F884208ABCFE0047B4EE /* Sources */,
				C414F885208ABCFE0047B4EE /* Frameworks */,
				C414F886208ABCFE0047B4EE /* Resources */,
			);
			buildRules = (
			);
			dependencies = (
			);
			name = Todoey;
			productName = Todoey;
			productReference = C414F888208ABCFE0047B4EE /* Todoey.app */;
			productType = "com.apple.product-type.application";
		};
/* End PBXNativeTarget section */

/* Begin PBXProject section */
		C414F880208ABCFE0047B4EE /* Project object */ = {
			isa = PBXProject;
			attributes = {
				LastSwiftUpdateCheck = 0920;
				LastUpgradeCheck = 0920;
				ORGANIZATIONNAME = "Abdulrahman Alshehri";
				TargetAttributes = {
					C414F887208ABCFE0047B4EE = {
						CreatedOnToolsVersion = 9.2;
						ProvisioningStyle = Automatic;
					};
				};
			};
			buildConfigurationList = C414F883208ABCFE0047B4EE /* Build configuration list for PBXProject "Todoey" */;
			compatibilityVersion = "Xcode 8.0";
			developmentRegion = en;
			hasScannedForEncodings = 0;
			knownRegions = (
				en,
				Base,
			);
			mainGroup = C414F87F208ABCFE0047B4EE;
			productRefGroup = C414F889208ABCFE0047B4EE /* Products */;
			projectDirPath = "";
			projectRoot = "";
			targets = (
				C414F887208ABCFE0047B4EE /* Todoey */,
			);
		};
/* End PBXProject section */

/* Begin PBXResourcesBuildPhase section */
		C414F886208ABCFE0047B4EE /* Resources */ = {
			isa = PBXResourcesBuildPhase;
			buildActionMask = 2147483647;
			files = (
				C414F896208ABCFE0047B4EE /* LaunchScreen.storyboard in Resources */,
				C414F893208ABCFE0047B4EE /* Assets.xcassets in Resources */,
				C414F891208ABCFE0047B4EE /* Main.storyboard in Resources */,
			);
			runOnlyForDeploymentPostprocessing = 0;
		};
/* End PBXResourcesBuildPhase section */

/* Begin PBXSourcesBuildPhase section */
		C414F884208ABCFE0047B4EE /* Sources */ = {
			isa = PBXSourcesBuildPhase;
			buildActionMask = 2147483647;
			files = (
				C414F88E208ABCFE0047B4EE /* ToDoListViewController.swift in Sources */,
				C4E1BDD8209218330087EB4F /* item.swift in Sources */,
				C414F88C208ABCFE0047B4EE /* AppDelegate.swift in Sources */,
			);
			runOnlyForDeploymentPostprocessing = 0;
		};
/* End PBXSourcesBuildPhase section */

/* Begin PBXVariantGroup section */
		C414F88F208ABCFE0047B4EE /* Main.storyboard */ = {
			isa = PBXVariantGroup;
			children = (
				C414F890208ABCFE0047B4EE /* Base */,
			);
			name = Main.storyboard;
			sourceTree = "<group>";
		};
		C414F894208ABCFE0047B4EE /* LaunchScreen.storyboard */ = {
			isa = PBXVariantGroup;
			children = (
				C414F895208ABCFE0047B4EE /* Base */,
			);
			name = LaunchScreen.storyboard;
			sourceTree = "<group>";
		};
/* End PBXVariantGroup section */

/* Begin XCBuildConfiguration section */
		C414F898208ABCFE0047B4EE /* Debug */ = {
			isa = XCBuildConfiguration;
			buildSettings = {
				ALWAYS_SEARCH_USER_PATHS = NO;
				CLANG_ANALYZER_NONNULL = YES;
				CLANG_ANALYZER_NUMBER_OBJECT_CONVERSION = YES_AGGRESSIVE;
				CLANG_CXX_LANGUAGE_STANDARD = "gnu++14";
				CLANG_CXX_LIBRARY = "libc++";
				CLANG_ENABLE_MODULES = YES;
				CLANG_ENABLE_OBJC_ARC = YES;
				CLANG_WARN_BLOCK_CAPTURE_AUTORELEASING = YES;
				CLANG_WARN_BOOL_CONVERSION = YES;
				CLANG_WARN_COMMA = YES;
				CLANG_WARN_CONSTANT_CONVERSION = YES;
				CLANG_WARN_DIRECT_OBJC_ISA_USAGE = YES_ERROR;
				CLANG_WARN_DOCUMENTATION_COMMENTS = YES;
				CLANG_WARN_EMPTY_BODY = YES;
				CLANG_WARN_ENUM_CONVERSION = YES;
				CLANG_WARN_INFINITE_RECURSION = YES;
				CLANG_WARN_INT_CONVERSION = YES;
				CLANG_WARN_NON_LITERAL_NULL_CONVERSION = YES;
				CLANG_WARN_OBJC_LITERAL_CONVERSION = YES;
				CLANG_WARN_OBJC_ROOT_CLASS = YES_ERROR;
				CLANG_WARN_RANGE_LOOP_ANALYSIS = YES;
				CLANG_WARN_STRICT_PROTOTYPES = YES;
				CLANG_WARN_SUSPICIOUS_MOVE = YES;
				CLANG_WARN_UNGUARDED_AVAILABILITY = YES_AGGRESSIVE;
				CLANG_WARN_UNREACHABLE_CODE = YES;
				CLANG_WARN__DUPLICATE_METHOD_MATCH = YES;
				CODE_SIGN_IDENTITY = "iPhone Developer";
				COPY_PHASE_STRIP = NO;
				DEBUG_INFORMATION_FORMAT = dwarf;
				ENABLE_STRICT_OBJC_MSGSEND = YES;
				ENABLE_TESTABILITY = YES;
				GCC_C_LANGUAGE_STANDARD = gnu11;
				GCC_DYNAMIC_NO_PIC = NO;
				GCC_NO_COMMON_BLOCKS = YES;
				GCC_OPTIMIZATION_LEVEL = 0;
				GCC_PREPROCESSOR_DEFINITIONS = (
					"DEBUG=1",
					"$(inherited)",
				);
				GCC_WARN_64_TO_32_BIT_CONVERSION = YES;
				GCC_WARN_ABOUT_RETURN_TYPE = YES_ERROR;
				GCC_WARN_UNDECLARED_SELECTOR = YES;
				GCC_WARN_UNINITIALIZED_AUTOS = YES_AGGRESSIVE;
				GCC_WARN_UNUSED_FUNCTION = YES;
				GCC_WARN_UNUSED_VARIABLE = YES;
				IPHONEOS_DEPLOYMENT_TARGET = 11.2;
				MTL_ENABLE_DEBUG_INFO = YES;
				ONLY_ACTIVE_ARCH = YES;
				SDKROOT = iphoneos;
				SWIFT_ACTIVE_COMPILATION_CONDITIONS = DEBUG;
				SWIFT_OPTIMIZATION_LEVEL = "-Onone";
			};
			name = Debug;
		};
		C414F899208ABCFE0047B4EE /* Release */ = {
			isa = XCBuildConfiguration;
			buildSettings = {
				ALWAYS_SEARCH_USER_PATHS = NO;
				CLANG_ANALYZER_NONNULL = YES;
				CLANG_ANALYZER_NUMBER_OBJECT_CONVERSION = YES_AGGRESSIVE;
				CLANG_CXX_LANGUAGE_STANDARD = "gnu++14";
				CLANG_CXX_LIBRARY = "libc++";
				CLANG_ENABLE_MODULES = YES;
				CLANG_ENABLE_OBJC_ARC = YES;
				CLANG_WARN_BLOCK_CAPTURE_AUTORELEASING = YES;
				CLANG_WARN_BOOL_CONVERSION = YES;
				CLANG_WARN_COMMA = YES;
				CLANG_WARN_CONSTANT_CONVERSION = YES;
				CLANG_WARN_DIRECT_OBJC_ISA_USAGE = YES_ERROR;
				CLANG_WARN_DOCUMENTATION_COMMENTS = YES;
				CLANG_WARN_EMPTY_BODY = YES;
				CLANG_WARN_ENUM_CONVERSION = YES;
				CLANG_WARN_INFINITE_RECURSION = YES;
				CLANG_WARN_INT_CONVERSION = YES;
				CLANG_WARN_NON_LITERAL_NULL_CONVERSION = YES;
				CLANG_WARN_OBJC_LITERAL_CONVERSION = YES;
				CLANG_WARN_OBJC_ROOT_CLASS = YES_ERROR;
				CLANG_WARN_RANGE_LOOP_ANALYSIS = YES;
				CLANG_WARN_STRICT_PROTOTYPES = YES;
				CLANG_WARN_SUSPICIOUS_MOVE = YES;
				CLANG_WARN_UNGUARDED_AVAILABILITY = YES_AGGRESSIVE;
				CLANG_WARN_UNREACHABLE_CODE = YES;
				CLANG_WARN__DUPLICATE_METHOD_MATCH = YES;
				CODE_SIGN_IDENTITY = "iPhone Developer";
				COPY_PHASE_STRIP = NO;
				DEBUG_INFORMATION_FORMAT = "dwarf-with-dsym";
				ENABLE_NS_ASSERTIONS = NO;
				ENABLE_STRICT_OBJC_MSGSEND = YES;
				GCC_C_LANGUAGE_STANDARD = gnu11;
				GCC_NO_COMMON_BLOCKS = YES;
				GCC_WARN_64_TO_32_BIT_CONVERSION = YES;
				GCC_WARN_ABOUT_RETURN_TYPE = YES_ERROR;
				GCC_WARN_UNDECLARED_SELECTOR = YES;
				GCC_WARN_UNINITIALIZED_AUTOS = YES_AGGRESSIVE;
				GCC_WARN_UNUSED_FUNCTION = YES;
				GCC_WARN_UNUSED_VARIABLE = YES;
				IPHONEOS_DEPLOYMENT_TARGET = 11.2;
				MTL_ENABLE_DEBUG_INFO = NO;
				SDKROOT = iphoneos;
				SWIFT_OPTIMIZATION_LEVEL = "-Owholemodule";
				VALIDATE_PRODUCT = YES;
			};
			name = Release;
		};
		C414F89B208ABCFE0047B4EE /* Debug */ = {
			isa = XCBuildConfiguration;
			buildSettings = {
				ASSETCATALOG_COMPILER_APPICON_NAME = AppIcon;
				CODE_SIGN_STYLE = Automatic;
				DEVELOPMENT_TEAM = DC74V927PA;
				INFOPLIST_FILE = Todoey/Info.plist;
				LD_RUNPATH_SEARCH_PATHS = "$(inherited) @executable_path/Frameworks";
				PRODUCT_BUNDLE_IDENTIFIER = Abdulrahman.Todoey;
				PRODUCT_NAME = "$(TARGET_NAME)";
				SWIFT_VERSION = 4.0;
				TARGETED_DEVICE_FAMILY = "1,2";
			};
			name = Debug;
		};
		C414F89C208ABCFE0047B4EE /* Release */ = {
			isa = XCBuildConfiguration;
			buildSettings = {
				ASSETCATALOG_COMPILER_APPICON_NAME = AppIcon;
				CODE_SIGN_STYLE = Automatic;
				DEVELOPMENT_TEAM = DC74V927PA;
				INFOPLIST_FILE = Todoey/Info.plist;
				LD_RUNPATH_SEARCH_PATHS = "$(inherited) @executable_path/Frameworks";
				PRODUCT_BUNDLE_IDENTIFIER = Abdulrahman.Todoey;
				PRODUCT_NAME = "$(TARGET_NAME)";
				SWIFT_VERSION = 4.0;
				TARGETED_DEVICE_FAMILY = "1,2";
			};
			name = Release;
		};
/* End XCBuildConfiguration section */

/* Begin XCConfigurationList section */
		C414F883208ABCFE0047B4EE /* Build configuration list for PBXProject "Todoey" */ = {
			isa = XCConfigurationList;
			buildConfigurations = (
				C414F898208ABCFE0047B4EE /* Debug */,
				C414F899208ABCFE0047B4EE /* Release */,
			);
			defaultConfigurationIsVisible = 0;
			defaultConfigurationName = Release;
		};
		C414F89A208ABCFE0047B4EE /* Build configuration list for PBXNativeTarget "Todoey" */ = {
			isa = XCConfigurationList;
			buildConfigurations = (
				C414F89B208ABCFE0047B4EE /* Debug */,
				C414F89C208ABCFE0047B4EE /* Release */,
			);
			defaultConfigurationIsVisible = 0;
			defaultConfigurationName = Release;
		};
/* End XCConfigurationList section */
	};
	rootObject = C414F880208ABCFE0047B4EE /* Project object */;
}
